
Microsoft Visual Studio Solution File, Format Version 12.00
# Visual Studio 2013
VisualStudioVersion = 12.0.30501.0
MinimumVisualStudioVersion = 10.0.40219.1
Project("{FAE04EC0-301F-11D3-BF4B-00C04F79EFBC}") = "ConsoleApplication1", "ConsoleApplication1\ConsoleApplication1.csproj", "{A2C5882E-1059-4D94-AD77-B227AE2CC226}"
EndProject
Project("{FAE04EC0-301F-11D3-BF4B-00C04F79EFBC}") = "XMLReporting", "XMLReporting\XMLReporting.csproj", "{D2D7DB21-03FD-47B4-9CC5-0996EFC465FD}"
EndProject
Project("{FAE04EC0-301F-11D3-BF4B-00C04F79EFBC}") = "XMLReporting.Test", "XMLReporting.Test\XMLReporting.Test.csproj", "{09D583FB-017C-41AC-93AF-434D61075FBC}"
EndProject
Global
	GlobalSection(SolutionConfigurationPlatforms) = preSolution
		Debug|Any CPU = Debug|Any CPU
		Release|Any CPU = Release|Any CPU
	EndGlobalSection
	GlobalSection(ProjectConfigurationPlatforms) = postSolution
		{A2C5882E-1059-4D94-AD77-B227AE2CC226}.Debug|Any CPU.ActiveCfg = Debug|Any CPU
		{A2C5882E-1059-4D94-AD77-B227AE2CC226}.Debug|Any CPU.Build.0 = Debug|Any CPU
		{A2C5882E-1059-4D94-AD77-B227AE2CC226}.Release|Any CPU.ActiveCfg = Release|Any CPU
		{A2C5882E-1059-4D94-AD77-B227AE2CC226}.Release|Any CPU.Build.0 = Release|Any CPU
		{D2D7DB21-03FD-47B4-9CC5-0996EFC465FD}.Debug|Any CPU.ActiveCfg = Debug|Any CPU
		{D2D7DB21-03FD-47B4-9CC5-0996EFC465FD}.Debug|Any CPU.Build.0 = Debug|Any CPU
		{D2D7DB21-03FD-47B4-9CC5-0996EFC465FD}.Release|Any CPU.ActiveCfg = Release|Any CPU
		{D2D7DB21-03FD-47B4-9CC5-0996EFC465FD}.Release|Any CPU.Build.0 = Release|Any CPU
		{09D583FB-017C-41AC-93AF-434D61075FBC}.Debug|Any CPU.ActiveCfg = Debug|Any CPU
		{09D583FB-017C-41AC-93AF-434D61075FBC}.Debug|Any CPU.Build.0 = Debug|Any CPU
		{09D583FB-017C-41AC-93AF-434D61075FBC}.Release|Any CPU.ActiveCfg = Release|Any CPU
		{09D583FB-017C-41AC-93AF-434D61075FBC}.Release|Any CPU.Build.0 = Release|Any CPU
	EndGlobalSection
	GlobalSection(SolutionProperties) = preSolution
		HideSolutionNode = FALSE
	EndGlobalSection
EndGlobal
